
Microsoft Visual Studio Solution File, Format Version 12.00
# Visual Studio 15
VisualStudioVersion = 15.0.28307.136
MinimumVisualStudioVersion = 10.0.40219.1
Project("{FAE04EC0-301F-11D3-BF4B-00C04F79EFBC}") = "MyStocks.Android", "MyStocks\MyStocks.Android\MyStocks.Android.csproj", "{B9417CF5-5329-41DF-A7B5-8BD8A82E71AA}"
EndProject
Project("{FAE04EC0-301F-11D3-BF4B-00C04F79EFBC}") = "MyStocks.iOS", "MyStocks\MyStocks.iOS\MyStocks.iOS.csproj", "{5BFCB092-08B2-4F39-97D9-1FF9BBCB8C78}"
EndProject
Project("{FAE04EC0-301F-11D3-BF4B-00C04F79EFBC}") = "MyStocks.UWP", "MyStocks\MyStocks.UWP\MyStocks.UWP.csproj", "{9A435B98-F84B-407C-8F44-5AD8B8E99AC1}"
EndProject
Project("{FAE04EC0-301F-11D3-BF4B-00C04F79EFBC}") = "MyStocks", "MyStocks\MyStocks\MyStocks.csproj", "{A796E029-3A4D-4BF0-9478-C91D0A1198FE}"
EndProject
Global
	GlobalSection(SolutionConfigurationPlatforms) = preSolution
		Ad-Hoc|Any CPU = Ad-Hoc|Any CPU
		Ad-Hoc|ARM = Ad-Hoc|ARM
		Ad-Hoc|iPhone = Ad-Hoc|iPhone
		Ad-Hoc|iPhoneSimulator = Ad-Hoc|iPhoneSimulator
		Ad-Hoc|x64 = Ad-Hoc|x64
		Ad-Hoc|x86 = Ad-Hoc|x86
		AppStore|Any CPU = AppStore|Any CPU
		AppStore|ARM = AppStore|ARM
		AppStore|iPhone = AppStore|iPhone
		AppStore|iPhoneSimulator = AppStore|iPhoneSimulator
		AppStore|x64 = AppStore|x64
		AppStore|x86 = AppStore|x86
		Debug|Any CPU = Debug|Any CPU
		Debug|ARM = Debug|ARM
		Debug|iPhone = Debug|iPhone
		Debug|iPhoneSimulator = Debug|iPhoneSimulator
		Debug|x64 = Debug|x64
		Debug|x86 = Debug|x86
		Release|Any CPU = Release|Any CPU
		Release|ARM = Release|ARM
		Release|iPhone = Release|iPhone
		Release|iPhoneSimulator = Release|iPhoneSimulator
		Release|x64 = Release|x64
		Release|x86 = Release|x86
	EndGlobalSection
	GlobalSection(ProjectConfigurationPlatforms) = postSolution
		{B9417CF5-5329-41DF-A7B5-8BD8A82E71AA}.Ad-Hoc|Any CPU.ActiveCfg = Release|Any CPU
		{B9417CF5-5329-41DF-A7B5-8BD8A82E71AA}.Ad-Hoc|Any CPU.Build.0 = Release|Any CPU
		{B9417CF5-5329-41DF-A7B5-8BD8A82E71AA}.Ad-Hoc|Any CPU.Deploy.0 = Release|Any CPU
		{B9417CF5-5329-41DF-A7B5-8BD8A82E71AA}.Ad-Hoc|ARM.ActiveCfg = Release|Any CPU
		{B9417CF5-5329-41DF-A7B5-8BD8A82E71AA}.Ad-Hoc|ARM.Build.0 = Release|Any CPU
		{B9417CF5-5329-41DF-A7B5-8BD8A82E71AA}.Ad-Hoc|ARM.Deploy.0 = Release|Any CPU
		{B9417CF5-5329-41DF-A7B5-8BD8A82E71AA}.Ad-Hoc|iPhone.ActiveCfg = Release|Any CPU
		{B9417CF5-5329-41DF-A7B5-8BD8A82E71AA}.Ad-Hoc|iPhone.Build.0 = Release|Any CPU
		{B9417CF5-5329-41DF-A7B5-8BD8A82E71AA}.Ad-Hoc|iPhone.Deploy.0 = Release|Any CPU
		{B9417CF5-5329-41DF-A7B5-8BD8A82E71AA}.Ad-Hoc|iPhoneSimulator.ActiveCfg = Release|Any CPU
		{B9417CF5-5329-41DF-A7B5-8BD8A82E71AA}.Ad-Hoc|iPhoneSimulator.Build.0 = Release|Any CPU
		{B9417CF5-5329-41DF-A7B5-8BD8A82E71AA}.Ad-Hoc|iPhoneSimulator.Deploy.0 = Release|Any CPU
		{B9417CF5-5329-41DF-A7B5-8BD8A82E71AA}.Ad-Hoc|x64.ActiveCfg = Release|Any CPU
		{B9417CF5-5329-41DF-A7B5-8BD8A82E71AA}.Ad-Hoc|x64.Build.0 = Release|Any CPU
		{B9417CF5-5329-41DF-A7B5-8BD8A82E71AA}.Ad-Hoc|x64.Deploy.0 = Release|Any CPU
		{B9417CF5-5329-41DF-A7B5-8BD8A82E71AA}.Ad-Hoc|x86.ActiveCfg = Release|Any CPU
		{B9417CF5-5329-41DF-A7B5-8BD8A82E71AA}.Ad-Hoc|x86.Build.0 = Release|Any CPU
		{B9417CF5-5329-41DF-A7B5-8BD8A82E71AA}.Ad-Hoc|x86.Deploy.0 = Release|Any CPU
		{B9417CF5-5329-41DF-A7B5-8BD8A82E71AA}.AppStore|Any CPU.ActiveCfg = Release|Any CPU
		{B9417CF5-5329-41DF-A7B5-8BD8A82E71AA}.AppStore|Any CPU.Build.0 = Release|Any CPU
		{B9417CF5-5329-41DF-A7B5-8BD8A82E71AA}.AppStore|Any CPU.Deploy.0 = Release|Any CPU
		{B9417CF5-5329-41DF-A7B5-8BD8A82E71AA}.AppStore|ARM.ActiveCfg = Release|Any CPU
		{B9417CF5-5329-41DF-A7B5-8BD8A82E71AA}.AppStore|ARM.Build.0 = Release|Any CPU
		{B9417CF5-5329-41DF-A7B5-8BD8A82E71AA}.AppStore|ARM.Deploy.0 = Release|Any CPU
		{B9417CF5-5329-41DF-A7B5-8BD8A82E71AA}.AppStore|iPhone.ActiveCfg = Release|Any CPU
		{B9417CF5-5329-41DF-A7B5-8BD8A82E71AA}.AppStore|iPhone.Build.0 = Release|Any CPU
		{B9417CF5-5329-41DF-A7B5-8BD8A82E71AA}.AppStore|iPhone.Deploy.0 = Release|Any CPU
		{B9417CF5-5329-41DF-A7B5-8BD8A82E71AA}.AppStore|iPhoneSimulator.ActiveCfg = Release|Any CPU
		{B9417CF5-5329-41DF-A7B5-8BD8A82E71AA}.AppStore|iPhoneSimulator.Build.0 = Release|Any CPU
		{B9417CF5-5329-41DF-A7B5-8BD8A82E71AA}.AppStore|iPhoneSimulator.Deploy.0 = Release|Any CPU
		{B9417CF5-5329-41DF-A7B5-8BD8A82E71AA}.AppStore|x64.ActiveCfg = Release|Any CPU
		{B9417CF5-5329-41DF-A7B5-8BD8A82E71AA}.AppStore|x64.Build.0 = Release|Any CPU
		{B9417CF5-5329-41DF-A7B5-8BD8A82E71AA}.AppStore|x64.Deploy.0 = Release|Any CPU
		{B9417CF5-5329-41DF-A7B5-8BD8A82E71AA}.AppStore|x86.ActiveCfg = Release|Any CPU
		{B9417CF5-5329-41DF-A7B5-8BD8A82E71AA}.AppStore|x86.Build.0 = Release|Any CPU
		{B9417CF5-5329-41DF-A7B5-8BD8A82E71AA}.AppStore|x86.Deploy.0 = Release|Any CPU
		{B9417CF5-5329-41DF-A7B5-8BD8A82E71AA}.Debug|Any CPU.ActiveCfg = Debug|Any CPU
		{B9417CF5-5329-41DF-A7B5-8BD8A82E71AA}.Debug|Any CPU.Build.0 = Debug|Any CPU
		{B9417CF5-5329-41DF-A7B5-8BD8A82E71AA}.Debug|Any CPU.Deploy.0 = Debug|Any CPU
		{B9417CF5-5329-41DF-A7B5-8BD8A82E71AA}.Debug|ARM.ActiveCfg = Debug|Any CPU
		{B9417CF5-5329-41DF-A7B5-8BD8A82E71AA}.Debug|ARM.Build.0 = Debug|Any CPU
		{B9417CF5-5329-41DF-A7B5-8BD8A82E71AA}.Debug|ARM.Deploy.0 = Debug|Any CPU
		{B9417CF5-5329-41DF-A7B5-8BD8A82E71AA}.Debug|iPhone.ActiveCfg = Debug|Any CPU
		{B9417CF5-5329-41DF-A7B5-8BD8A82E71AA}.Debug|iPhone.Build.0 = Debug|Any CPU
		{B9417CF5-5329-41DF-A7B5-8BD8A82E71AA}.Debug|iPhone.Deploy.0 = Debug|Any CPU
		{B9417CF5-5329-41DF-A7B5-8BD8A82E71AA}.Debug|iPhoneSimulator.ActiveCfg = Debug|Any CPU
		{B9417CF5-5329-41DF-A7B5-8BD8A82E71AA}.Debug|iPhoneSimulator.Build.0 = Debug|Any CPU
		{B9417CF5-5329-41DF-A7B5-8BD8A82E71AA}.Debug|iPhoneSimulator.Deploy.0 = Debug|Any CPU
		{B9417CF5-5329-41DF-A7B5-8BD8A82E71AA}.Debug|x64.ActiveCfg = Debug|Any CPU
		{B9417CF5-5329-41DF-A7B5-8BD8A82E71AA}.Debug|x64.Build.0 = Debug|Any CPU
		{B9417CF5-5329-41DF-A7B5-8BD8A82E71AA}.Debug|x64.Deploy.0 = Debug|Any CPU
		{B9417CF5-5329-41DF-A7B5-8BD8A82E71AA}.Debug|x86.ActiveCfg = Debug|Any CPU
		{B9417CF5-5329-41DF-A7B5-8BD8A82E71AA}.Debug|x86.Build.0 = Debug|Any CPU
		{B9417CF5-5329-41DF-A7B5-8BD8A82E71AA}.Debug|x86.Deploy.0 = Debug|Any CPU
		{B9417CF5-5329-41DF-A7B5-8BD8A82E71AA}.Release|Any CPU.ActiveCfg = Release|Any CPU
		{B9417CF5-5329-41DF-A7B5-8BD8A82E71AA}.Release|Any CPU.Build.0 = Release|Any CPU
		{B9417CF5-5329-41DF-A7B5-8BD8A82E71AA}.Release|Any CPU.Deploy.0 = Release|Any CPU
		{B9417CF5-5329-41DF-A7B5-8BD8A82E71AA}.Release|ARM.ActiveCfg = Release|Any CPU
		{B9417CF5-5329-41DF-A7B5-8BD8A82E71AA}.Release|ARM.Build.0 = Release|Any CPU
		{B9417CF5-5329-41DF-A7B5-8BD8A82E71AA}.Release|ARM.Deploy.0 = Release|Any CPU
		{B9417CF5-5329-41DF-A7B5-8BD8A82E71AA}.Release|iPhone.ActiveCfg = Release|Any CPU
		{B9417CF5-5329-41DF-A7B5-8BD8A82E71AA}.Release|iPhone.Build.0 = Release|Any CPU
		{B9417CF5-5329-41DF-A7B5-8BD8A82E71AA}.Release|iPhone.Deploy.0 = Release|Any CPU
		{B9417CF5-5329-41DF-A7B5-8BD8A82E71AA}.Release|iPhoneSimulator.ActiveCfg = Release|Any CPU
		{B9417CF5-5329-41DF-A7B5-8BD8A82E71AA}.Release|iPhoneSimulator.Build.0 = Release|Any CPU
		{B9417CF5-5329-41DF-A7B5-8BD8A82E71AA}.Release|iPhoneSimulator.Deploy.0 = Release|Any CPU
		{B9417CF5-5329-41DF-A7B5-8BD8A82E71AA}.Release|x64.ActiveCfg = Release|Any CPU
		{B9417CF5-5329-41DF-A7B5-8BD8A82E71AA}.Release|x64.Build.0 = Release|Any CPU
		{B9417CF5-5329-41DF-A7B5-8BD8A82E71AA}.Release|x64.Deploy.0 = Release|Any CPU
		{B9417CF5-5329-41DF-A7B5-8BD8A82E71AA}.Release|x86.ActiveCfg = Release|Any CPU
		{B9417CF5-5329-41DF-A7B5-8BD8A82E71AA}.Release|x86.Build.0 = Release|Any CPU
		{B9417CF5-5329-41DF-A7B5-8BD8A82E71AA}.Release|x86.Deploy.0 = Release|Any CPU
		{5BFCB092-08B2-4F39-97D9-1FF9BBCB8C78}.Ad-Hoc|Any CPU.ActiveCfg = Ad-Hoc|iPhone
		{5BFCB092-08B2-4F39-97D9-1FF9BBCB8C78}.Ad-Hoc|Any CPU.Build.0 = Ad-Hoc|iPhone
		{5BFCB092-08B2-4F39-97D9-1FF9BBCB8C78}.Ad-Hoc|Any CPU.Deploy.0 = Ad-Hoc|iPhone
		{5BFCB092-08B2-4F39-97D9-1FF9BBCB8C78}.Ad-Hoc|ARM.ActiveCfg = Ad-Hoc|iPhone
		{5BFCB092-08B2-4F39-97D9-1FF9BBCB8C78}.Ad-Hoc|ARM.Build.0 = Ad-Hoc|iPhone
		{5BFCB092-08B2-4F39-97D9-1FF9BBCB8C78}.Ad-Hoc|ARM.Deploy.0 = Ad-Hoc|iPhone
		{5BFCB092-08B2-4F39-97D9-1FF9BBCB8C78}.Ad-Hoc|iPhone.ActiveCfg = Ad-Hoc|iPhone
		{5BFCB092-08B2-4F39-97D9-1FF9BBCB8C78}.Ad-Hoc|iPhone.Build.0 = Ad-Hoc|iPhone
		{5BFCB092-08B2-4F39-97D9-1FF9BBCB8C78}.Ad-Hoc|iPhone.Deploy.0 = Ad-Hoc|iPhone
		{5BFCB092-08B2-4F39-97D9-1FF9BBCB8C78}.Ad-Hoc|iPhoneSimulator.ActiveCfg = Ad-Hoc|iPhoneSimulator
		{5BFCB092-08B2-4F39-97D9-1FF9BBCB8C78}.Ad-Hoc|iPhoneSimulator.Build.0 = Ad-Hoc|iPhoneSimulator
		{5BFCB092-08B2-4F39-97D9-1FF9BBCB8C78}.Ad-Hoc|iPhoneSimulator.Deploy.0 = Ad-Hoc|iPhoneSimulator
		{5BFCB092-08B2-4F39-97D9-1FF9BBCB8C78}.Ad-Hoc|x64.ActiveCfg = Ad-Hoc|iPhone
		{5BFCB092-08B2-4F39-97D9-1FF9BBCB8C78}.Ad-Hoc|x64.Build.0 = Ad-Hoc|iPhone
		{5BFCB092-08B2-4F39-97D9-1FF9BBCB8C78}.Ad-Hoc|x64.Deploy.0 = Ad-Hoc|iPhone
		{5BFCB092-08B2-4F39-97D9-1FF9BBCB8C78}.Ad-Hoc|x86.ActiveCfg = Ad-Hoc|iPhone
		{5BFCB092-08B2-4F39-97D9-1FF9BBCB8C78}.Ad-Hoc|x86.Build.0 = Ad-Hoc|iPhone
		{5BFCB092-08B2-4F39-97D9-1FF9BBCB8C78}.Ad-Hoc|x86.Deploy.0 = Ad-Hoc|iPhone
		{5BFCB092-08B2-4F39-97D9-1FF9BBCB8C78}.AppStore|Any CPU.ActiveCfg = AppStore|iPhone
		{5BFCB092-08B2-4F39-97D9-1FF9BBCB8C78}.AppStore|Any CPU.Build.0 = AppStore|iPhone
		{5BFCB092-08B2-4F39-97D9-1FF9BBCB8C78}.AppStore|Any CPU.Deploy.0 = AppStore|iPhone
		{5BFCB092-08B2-4F39-97D9-1FF9BBCB8C78}.AppStore|ARM.ActiveCfg = AppStore|iPhone
		{5BFCB092-08B2-4F39-97D9-1FF9BBCB8C78}.AppStore|ARM.Build.0 = AppStore|iPhone
		{5BFCB092-08B2-4F39-97D9-1FF9BBCB8C78}.AppStore|ARM.Deploy.0 = AppStore|iPhone
		{5BFCB092-08B2-4F39-97D9-1FF9BBCB8C78}.AppStore|iPhone.ActiveCfg = AppStore|iPhone
		{5BFCB092-08B2-4F39-97D9-1FF9BBCB8C78}.AppStore|iPhone.Build.0 = AppStore|iPhone
		{5BFCB092-08B2-4F39-97D9-1FF9BBCB8C78}.AppStore|iPhone.Deploy.0 = AppStore|iPhone
		{5BFCB092-08B2-4F39-97D9-1FF9BBCB8C78}.AppStore|iPhoneSimulator.ActiveCfg = AppStore|iPhoneSimulator
		{5BFCB092-08B2-4F39-97D9-1FF9BBCB8C78}.AppStore|iPhoneSimulator.Build.0 = AppStore|iPhoneSimulator
		{5BFCB092-08B2-4F39-97D9-1FF9BBCB8C78}.AppStore|iPhoneSimulator.Deploy.0 = AppStore|iPhoneSimulator
		{5BFCB092-08B2-4F39-97D9-1FF9BBCB8C78}.AppStore|x64.ActiveCfg = AppStore|iPhone
		{5BFCB092-08B2-4F39-97D9-1FF9BBCB8C78}.AppStore|x64.Build.0 = AppStore|iPhone
		{5BFCB092-08B2-4F39-97D9-1FF9BBCB8C78}.AppStore|x64.Deploy.0 = AppStore|iPhone
		{5BFCB092-08B2-4F39-97D9-1FF9BBCB8C78}.AppStore|x86.ActiveCfg = AppStore|iPhone
		{5BFCB092-08B2-4F39-97D9-1FF9BBCB8C78}.AppStore|x86.Build.0 = AppStore|iPhone
		{5BFCB092-08B2-4F39-97D9-1FF9BBCB8C78}.AppStore|x86.Deploy.0 = AppStore|iPhone
		{5BFCB092-08B2-4F39-97D9-1FF9BBCB8C78}.Debug|Any CPU.ActiveCfg = Debug|iPhoneSimulator
		{5BFCB092-08B2-4F39-97D9-1FF9BBCB8C78}.Debug|Any CPU.Build.0 = Debug|iPhoneSimulator
		{5BFCB092-08B2-4F39-97D9-1FF9BBCB8C78}.Debug|Any CPU.Deploy.0 = Debug|iPhoneSimulator
		{5BFCB092-08B2-4F39-97D9-1FF9BBCB8C78}.Debug|ARM.ActiveCfg = Debug|iPhone
		{5BFCB092-08B2-4F39-97D9-1FF9BBCB8C78}.Debug|ARM.Build.0 = Debug|iPhone
		{5BFCB092-08B2-4F39-97D9-1FF9BBCB8C78}.Debug|ARM.Deploy.0 = Debug|iPhone
		{5BFCB092-08B2-4F39-97D9-1FF9BBCB8C78}.Debug|iPhone.ActiveCfg = Debug|iPhone
		{5BFCB092-08B2-4F39-97D9-1FF9BBCB8C78}.Debug|iPhone.Build.0 = Debug|iPhone
		{5BFCB092-08B2-4F39-97D9-1FF9BBCB8C78}.Debug|iPhone.Deploy.0 = Debug|iPhone
		{5BFCB092-08B2-4F39-97D9-1FF9BBCB8C78}.Debug|iPhoneSimulator.ActiveCfg = Debug|iPhoneSimulator
		{5BFCB092-08B2-4F39-97D9-1FF9BBCB8C78}.Debug|iPhoneSimulator.Build.0 = Debug|iPhoneSimulator
		{5BFCB092-08B2-4F39-97D9-1FF9BBCB8C78}.Debug|iPhoneSimulator.Deploy.0 = Debug|iPhoneSimulator
		{5BFCB092-08B2-4F39-97D9-1FF9BBCB8C78}.Debug|x64.ActiveCfg = Debug|iPhone
		{5BFCB092-08B2-4F39-97D9-1FF9BBCB8C78}.Debug|x64.Build.0 = Debug|iPhone
		{5BFCB092-08B2-4F39-97D9-1FF9BBCB8C78}.Debug|x64.Deploy.0 = Debug|iPhone
		{5BFCB092-08B2-4F39-97D9-1FF9BBCB8C78}.Debug|x86.ActiveCfg = Debug|iPhone
		{5BFCB092-08B2-4F39-97D9-1FF9BBCB8C78}.Debug|x86.Build.0 = Debug|iPhone
		{5BFCB092-08B2-4F39-97D9-1FF9BBCB8C78}.Debug|x86.Deploy.0 = Debug|iPhone
		{5BFCB092-08B2-4F39-97D9-1FF9BBCB8C78}.Release|Any CPU.ActiveCfg = Release|iPhone
		{5BFCB092-08B2-4F39-97D9-1FF9BBCB8C78}.Release|Any CPU.Build.0 = Release|iPhone
		{5BFCB092-08B2-4F39-97D9-1FF9BBCB8C78}.Release|Any CPU.Deploy.0 = Release|iPhone
		{5BFCB092-08B2-4F39-97D9-1FF9BBCB8C78}.Release|ARM.ActiveCfg = Release|iPhone
		{5BFCB092-08B2-4F39-97D9-1FF9BBCB8C78}.Release|ARM.Build.0 = Release|iPhone
		{5BFCB092-08B2-4F39-97D9-1FF9BBCB8C78}.Release|ARM.Deploy.0 = Release|iPhone
		{5BFCB092-08B2-4F39-97D9-1FF9BBCB8C78}.Release|iPhone.ActiveCfg = Release|iPhone
		{5BFCB092-08B2-4F39-97D9-1FF9BBCB8C78}.Release|iPhone.Build.0 = Release|iPhone
		{5BFCB092-08B2-4F39-97D9-1FF9BBCB8C78}.Release|iPhone.Deploy.0 = Release|iPhone
		{5BFCB092-08B2-4F39-97D9-1FF9BBCB8C78}.Release|iPhoneSimulator.ActiveCfg = Release|iPhoneSimulator
		{5BFCB092-08B2-4F39-97D9-1FF9BBCB8C78}.Release|iPhoneSimulator.Build.0 = Release|iPhoneSimulator
		{5BFCB092-08B2-4F39-97D9-1FF9BBCB8C78}.Release|iPhoneSimulator.Deploy.0 = Release|iPhoneSimulator
		{5BFCB092-08B2-4F39-97D9-1FF9BBCB8C78}.Release|x64.ActiveCfg = Release|iPhone
		{5BFCB092-08B2-4F39-97D9-1FF9BBCB8C78}.Release|x64.Build.0 = Release|iPhone
		{5BFCB092-08B2-4F39-97D9-1FF9BBCB8C78}.Release|x64.Deploy.0 = Release|iPhone
		{5BFCB092-08B2-4F39-97D9-1FF9BBCB8C78}.Release|x86.ActiveCfg = Release|iPhone
		{5BFCB092-08B2-4F39-97D9-1FF9BBCB8C78}.Release|x86.Build.0 = Release|iPhone
		{5BFCB092-08B2-4F39-97D9-1FF9BBCB8C78}.Release|x86.Deploy.0 = Release|iPhone
		{9A435B98-F84B-407C-8F44-5AD8B8E99AC1}.Ad-Hoc|Any CPU.ActiveCfg = Release|x86
		{9A435B98-F84B-407C-8F44-5AD8B8E99AC1}.Ad-Hoc|Any CPU.Build.0 = Release|x86
		{9A435B98-F84B-407C-8F44-5AD8B8E99AC1}.Ad-Hoc|Any CPU.Deploy.0 = Release|x86
		{9A435B98-F84B-407C-8F44-5AD8B8E99AC1}.Ad-Hoc|ARM.ActiveCfg = Release|ARM
		{9A435B98-F84B-407C-8F44-5AD8B8E99AC1}.Ad-Hoc|ARM.Build.0 = Release|ARM
		{9A435B98-F84B-407C-8F44-5AD8B8E99AC1}.Ad-Hoc|ARM.Deploy.0 = Release|ARM
		{9A435B98-F84B-407C-8F44-5AD8B8E99AC1}.Ad-Hoc|iPhone.ActiveCfg = Release|x86
		{9A435B98-F84B-407C-8F44-5AD8B8E99AC1}.Ad-Hoc|iPhone.Build.0 = Release|x86
		{9A435B98-F84B-407C-8F44-5AD8B8E99AC1}.Ad-Hoc|iPhone.Deploy.0 = Release|x86
		{9A435B98-F84B-407C-8F44-5AD8B8E99AC1}.Ad-Hoc|iPhoneSimulator.ActiveCfg = Release|x86
		{9A435B98-F84B-407C-8F44-5AD8B8E99AC1}.Ad-Hoc|iPhoneSimulator.Build.0 = Release|x86
		{9A435B98-F84B-407C-8F44-5AD8B8E99AC1}.Ad-Hoc|iPhoneSimulator.Deploy.0 = Release|x86
		{9A435B98-F84B-407C-8F44-5AD8B8E99AC1}.Ad-Hoc|x64.ActiveCfg = Release|x64
		{9A435B98-F84B-407C-8F44-5AD8B8E99AC1}.Ad-Hoc|x64.Build.0 = Release|x64
		{9A435B98-F84B-407C-8F44-5AD8B8E99AC1}.Ad-Hoc|x64.Deploy.0 = Release|x64
		{9A435B98-F84B-407C-8F44-5AD8B8E99AC1}.Ad-Hoc|x86.ActiveCfg = Release|x86
		{9A435B98-F84B-407C-8F44-5AD8B8E99AC1}.Ad-Hoc|x86.Build.0 = Release|x86
		{9A435B98-F84B-407C-8F44-5AD8B8E99AC1}.Ad-Hoc|x86.Deploy.0 = Release|x86
		{9A435B98-F84B-407C-8F44-5AD8B8E99AC1}.AppStore|Any CPU.ActiveCfg = Release|x86
		{9A435B98-F84B-407C-8F44-5AD8B8E99AC1}.AppStore|Any CPU.Build.0 = Release|x86
		{9A435B98-F84B-407C-8F44-5AD8B8E99AC1}.AppStore|Any CPU.Deploy.0 = Release|x86
		{9A435B98-F84B-407C-8F44-5AD8B8E99AC1}.AppStore|ARM.ActiveCfg = Release|ARM
		{9A435B98-F84B-407C-8F44-5AD8B8E99AC1}.AppStore|ARM.Build.0 = Release|ARM
		{9A435B98-F84B-407C-8F44-5AD8B8E99AC1}.AppStore|ARM.Deploy.0 = Release|ARM
		{9A435B98-F84B-407C-8F44-5AD8B8E99AC1}.AppStore|iPhone.ActiveCfg = Release|x86
		{9A435B98-F84B-407C-8F44-5AD8B8E99AC1}.AppStore|iPhone.Build.0 = Release|x86
		{9A435B98-F84B-407C-8F44-5AD8B8E99AC1}.AppStore|iPhone.Deploy.0 = Release|x86
		{9A435B98-F84B-407C-8F44-5AD8B8E99AC1}.AppStore|iPhoneSimulator.ActiveCfg = Release|x86
		{9A435B98-F84B-407C-8F44-5AD8B8E99AC1}.AppStore|iPhoneSimulator.Build.0 = Release|x86
		{9A435B98-F84B-407C-8F44-5AD8B8E99AC1}.AppStore|iPhoneSimulator.Deploy.0 = Release|x86
		{9A435B98-F84B-407C-8F44-5AD8B8E99AC1}.AppStore|x64.ActiveCfg = Release|x64
		{9A435B98-F84B-407C-8F44-5AD8B8E99AC1}.AppStore|x64.Build.0 = Release|x64
		{9A435B98-F84B-407C-8F44-5AD8B8E99AC1}.AppStore|x64.Deploy.0 = Release|x64
		{9A435B98-F84B-407C-8F44-5AD8B8E99AC1}.AppStore|x86.ActiveCfg = Release|x86
		{9A435B98-F84B-407C-8F44-5AD8B8E99AC1}.AppStore|x86.Build.0 = Release|x86
		{9A435B98-F84B-407C-8F44-5AD8B8E99AC1}.AppStore|x86.Deploy.0 = Release|x86
		{9A435B98-F84B-407C-8F44-5AD8B8E99AC1}.Debug|Any CPU.ActiveCfg = Debug|x86
		{9A435B98-F84B-407C-8F44-5AD8B8E99AC1}.Debug|Any CPU.Build.0 = Debug|x86
		{9A435B98-F84B-407C-8F44-5AD8B8E99AC1}.Debug|Any CPU.Deploy.0 = Debug|x86
		{9A435B98-F84B-407C-8F44-5AD8B8E99AC1}.Debug|ARM.ActiveCfg = Debug|ARM
		{9A435B98-F84B-407C-8F44-5AD8B8E99AC1}.Debug|ARM.Build.0 = Debug|ARM
		{9A435B98-F84B-407C-8F44-5AD8B8E99AC1}.Debug|ARM.Deploy.0 = Debug|ARM
		{9A435B98-F84B-407C-8F44-5AD8B8E99AC1}.Debug|iPhone.ActiveCfg = Debug|x86
		{9A435B98-F84B-407C-8F44-5AD8B8E99AC1}.Debug|iPhone.Build.0 = Debug|x86
		{9A435B98-F84B-407C-8F44-5AD8B8E99AC1}.Debug|iPhone.Deploy.0 = Debug|x86
		{9A435B98-F84B-407C-8F44-5AD8B8E99AC1}.Debug|iPhoneSimulator.ActiveCfg = Debug|x86
		{9A435B98-F84B-407C-8F44-5AD8B8E99AC1}.Debug|iPhoneSimulator.Build.0 = Debug|x86
		{9A435B98-F84B-407C-8F44-5AD8B8E99AC1}.Debug|iPhoneSimulator.Deploy.0 = Debug|x86
		{9A435B98-F84B-407C-8F44-5AD8B8E99AC1}.Debug|x64.ActiveCfg = Debug|x64
		{9A435B98-F84B-407C-8F44-5AD8B8E99AC1}.Debug|x64.Build.0 = Debug|x64
		{9A435B98-F84B-407C-8F44-5AD8B8E99AC1}.Debug|x64.Deploy.0 = Debug|x64
		{9A435B98-F84B-407C-8F44-5AD8B8E99AC1}.Debug|x86.ActiveCfg = Debug|x86
		{9A435B98-F84B-407C-8F44-5AD8B8E99AC1}.Debug|x86.Build.0 = Debug|x86
		{9A435B98-F84B-407C-8F44-5AD8B8E99AC1}.Debug|x86.Deploy.0 = Debug|x86
		{9A435B98-F84B-407C-8F44-5AD8B8E99AC1}.Release|Any CPU.ActiveCfg = Release|x86
		{9A435B98-F84B-407C-8F44-5AD8B8E99AC1}.Release|Any CPU.Build.0 = Release|x86
		{9A435B98-F84B-407C-8F44-5AD8B8E99AC1}.Release|Any CPU.Deploy.0 = Release|x86
		{9A435B98-F84B-407C-8F44-5AD8B8E99AC1}.Release|ARM.ActiveCfg = Release|ARM
		{9A435B98-F84B-407C-8F44-5AD8B8E99AC1}.Release|ARM.Build.0 = Release|ARM
		{9A435B98-F84B-407C-8F44-5AD8B8E99AC1}.Release|ARM.Deploy.0 = Release|ARM
		{9A435B98-F84B-407C-8F44-5AD8B8E99AC1}.Release|iPhone.ActiveCfg = Release|x86
		{9A435B98-F84B-407C-8F44-5AD8B8E99AC1}.Release|iPhone.Build.0 = Release|x86
		{9A435B98-F84B-407C-8F44-5AD8B8E99AC1}.Release|iPhone.Deploy.0 = Release|x86
		{9A435B98-F84B-407C-8F44-5AD8B8E99AC1}.Release|iPhoneSimulator.ActiveCfg = Release|x86
		{9A435B98-F84B-407C-8F44-5AD8B8E99AC1}.Release|iPhoneSimulator.Build.0 = Release|x86
		{9A435B98-F84B-407C-8F44-5AD8B8E99AC1}.Release|iPhoneSimulator.Deploy.0 = Release|x86
		{9A435B98-F84B-407C-8F44-5AD8B8E99AC1}.Release|x64.ActiveCfg = Release|x64
		{9A435B98-F84B-407C-8F44-5AD8B8E99AC1}.Release|x64.Build.0 = Release|x64
		{9A435B98-F84B-407C-8F44-5AD8B8E99AC1}.Release|x64.Deploy.0 = Release|x64
		{9A435B98-F84B-407C-8F44-5AD8B8E99AC1}.Release|x86.ActiveCfg = Release|x86
		{9A435B98-F84B-407C-8F44-5AD8B8E99AC1}.Release|x86.Build.0 = Release|x86
		{9A435B98-F84B-407C-8F44-5AD8B8E99AC1}.Release|x86.Deploy.0 = Release|x86
		{A796E029-3A4D-4BF0-9478-C91D0A1198FE}.Ad-Hoc|Any CPU.ActiveCfg = Debug|Any CPU
		{A796E029-3A4D-4BF0-9478-C91D0A1198FE}.Ad-Hoc|Any CPU.Build.0 = Debug|Any CPU
		{A796E029-3A4D-4BF0-9478-C91D0A1198FE}.Ad-Hoc|Any CPU.Deploy.0 = Debug|Any CPU
		{A796E029-3A4D-4BF0-9478-C91D0A1198FE}.Ad-Hoc|ARM.ActiveCfg = Debug|Any CPU
		{A796E029-3A4D-4BF0-9478-C91D0A1198FE}.Ad-Hoc|ARM.Build.0 = Debug|Any CPU
		{A796E029-3A4D-4BF0-9478-C91D0A1198FE}.Ad-Hoc|ARM.Deploy.0 = Debug|Any CPU
		{A796E029-3A4D-4BF0-9478-C91D0A1198FE}.Ad-Hoc|iPhone.ActiveCfg = Debug|Any CPU
		{A796E029-3A4D-4BF0-9478-C91D0A1198FE}.Ad-Hoc|iPhone.Build.0 = Debug|Any CPU
		{A796E029-3A4D-4BF0-9478-C91D0A1198FE}.Ad-Hoc|iPhone.Deploy.0 = Debug|Any CPU
		{A796E029-3A4D-4BF0-9478-C91D0A1198FE}.Ad-Hoc|iPhoneSimulator.ActiveCfg = Debug|Any CPU
		{A796E029-3A4D-4BF0-9478-C91D0A1198FE}.Ad-Hoc|iPhoneSimulator.Build.0 = Debug|Any CPU
		{A796E029-3A4D-4BF0-9478-C91D0A1198FE}.Ad-Hoc|iPhoneSimulator.Deploy.0 = Debug|Any CPU
		{A796E029-3A4D-4BF0-9478-C91D0A1198FE}.Ad-Hoc|x64.ActiveCfg = Debug|Any CPU
		{A796E029-3A4D-4BF0-9478-C91D0A1198FE}.Ad-Hoc|x64.Build.0 = Debug|Any CPU
		{A796E029-3A4D-4BF0-9478-C91D0A1198FE}.Ad-Hoc|x64.Deploy.0 = Debug|Any CPU
		{A796E029-3A4D-4BF0-9478-C91D0A1198FE}.Ad-Hoc|x86.ActiveCfg = Debug|Any CPU
		{A796E029-3A4D-4BF0-9478-C91D0A1198FE}.Ad-Hoc|x86.Build.0 = Debug|Any CPU
		{A796E029-3A4D-4BF0-9478-C91D0A1198FE}.Ad-Hoc|x86.Deploy.0 = Debug|Any CPU
		{A796E029-3A4D-4BF0-9478-C91D0A1198FE}.AppStore|Any CPU.ActiveCfg = Debug|Any CPU
		{A796E029-3A4D-4BF0-9478-C91D0A1198FE}.AppStore|Any CPU.Build.0 = Debug|Any CPU
		{A796E029-3A4D-4BF0-9478-C91D0A1198FE}.AppStore|Any CPU.Deploy.0 = Debug|Any CPU
		{A796E029-3A4D-4BF0-9478-C91D0A1198FE}.AppStore|ARM.ActiveCfg = Debug|Any CPU
		{A796E029-3A4D-4BF0-9478-C91D0A1198FE}.AppStore|ARM.Build.0 = Debug|Any CPU
		{A796E029-3A4D-4BF0-9478-C91D0A1198FE}.AppStore|ARM.Deploy.0 = Debug|Any CPU
		{A796E029-3A4D-4BF0-9478-C91D0A1198FE}.AppStore|iPhone.ActiveCfg = Debug|Any CPU
		{A796E029-3A4D-4BF0-9478-C91D0A1198FE}.AppStore|iPhone.Build.0 = Debug|Any CPU
		{A796E029-3A4D-4BF0-9478-C91D0A1198FE}.AppStore|iPhone.Deploy.0 = Debug|Any CPU
		{A796E029-3A4D-4BF0-9478-C91D0A1198FE}.AppStore|iPhoneSimulator.ActiveCfg = Debug|Any CPU
		{A796E029-3A4D-4BF0-9478-C91D0A1198FE}.AppStore|iPhoneSimulator.Build.0 = Debug|Any CPU
		{A796E029-3A4D-4BF0-9478-C91D0A1198FE}.AppStore|iPhoneSimulator.Deploy.0 = Debug|Any CPU
		{A796E029-3A4D-4BF0-9478-C91D0A1198FE}.AppStore|x64.ActiveCfg = Debug|Any CPU
		{A796E029-3A4D-4BF0-9478-C91D0A1198FE}.AppStore|x64.Build.0 = Debug|Any CPU
		{A796E029-3A4D-4BF0-9478-C91D0A1198FE}.AppStore|x64.Deploy.0 = Debug|Any CPU
		{A796E029-3A4D-4BF0-9478-C91D0A1198FE}.AppStore|x86.ActiveCfg = Debug|Any CPU
		{A796E029-3A4D-4BF0-9478-C91D0A1198FE}.AppStore|x86.Build.0 = Debug|Any CPU
		{A796E029-3A4D-4BF0-9478-C91D0A1198FE}.AppStore|x86.Deploy.0 = Debug|Any CPU
		{A796E029-3A4D-4BF0-9478-C91D0A1198FE}.Debug|Any CPU.ActiveCfg = Debug|Any CPU
		{A796E029-3A4D-4BF0-9478-C91D0A1198FE}.Debug|Any CPU.Build.0 = Debug|Any CPU
		{A796E029-3A4D-4BF0-9478-C91D0A1198FE}.Debug|Any CPU.Deploy.0 = Debug|Any CPU
		{A796E029-3A4D-4BF0-9478-C91D0A1198FE}.Debug|ARM.ActiveCfg = Debug|Any CPU
		{A796E029-3A4D-4BF0-9478-C91D0A1198FE}.Debug|ARM.Build.0 = Debug|Any CPU
		{A796E029-3A4D-4BF0-9478-C91D0A1198FE}.Debug|ARM.Deploy.0 = Debug|Any CPU
		{A796E029-3A4D-4BF0-9478-C91D0A1198FE}.Debug|iPhone.ActiveCfg = Debug|Any CPU
		{A796E029-3A4D-4BF0-9478-C91D0A1198FE}.Debug|iPhone.Build.0 = Debug|Any CPU
		{A796E029-3A4D-4BF0-9478-C91D0A1198FE}.Debug|iPhone.Deploy.0 = Debug|Any CPU
		{A796E029-3A4D-4BF0-9478-C91D0A1198FE}.Debug|iPhoneSimulator.ActiveCfg = Debug|Any CPU
		{A796E029-3A4D-4BF0-9478-C91D0A1198FE}.Debug|iPhoneSimulator.Build.0 = Debug|Any CPU
		{A796E029-3A4D-4BF0-9478-C91D0A1198FE}.Debug|iPhoneSimulator.Deploy.0 = Debug|Any CPU
		{A796E029-3A4D-4BF0-9478-C91D0A1198FE}.Debug|x64.ActiveCfg = Debug|Any CPU
		{A796E029-3A4D-4BF0-9478-C91D0A1198FE}.Debug|x64.Build.0 = Debug|Any CPU
		{A796E029-3A4D-4BF0-9478-C91D0A1198FE}.Debug|x64.Deploy.0 = Debug|Any CPU
		{A796E029-3A4D-4BF0-9478-C91D0A1198FE}.Debug|x86.ActiveCfg = Debug|Any CPU
		{A796E029-3A4D-4BF0-9478-C91D0A1198FE}.Debug|x86.Build.0 = Debug|Any CPU
		{A796E029-3A4D-4BF0-9478-C91D0A1198FE}.Debug|x86.Deploy.0 = Debug|Any CPU
		{A796E029-3A4D-4BF0-9478-C91D0A1198FE}.Release|Any CPU.ActiveCfg = Release|Any CPU
		{A796E029-3A4D-4BF0-9478-C91D0A1198FE}.Release|Any CPU.Build.0 = Release|Any CPU
		{A796E029-3A4D-4BF0-9478-C91D0A1198FE}.Release|Any CPU.Deploy.0 = Release|Any CPU
		{A796E029-3A4D-4BF0-9478-C91D0A1198FE}.Release|ARM.ActiveCfg = Release|Any CPU
		{A796E029-3A4D-4BF0-9478-C91D0A1198FE}.Release|ARM.Build.0 = Release|Any CPU
		{A796E029-3A4D-4BF0-9478-C91D0A1198FE}.Release|ARM.Deploy.0 = Release|Any CPU
		{A796E029-3A4D-4BF0-9478-C91D0A1198FE}.Release|iPhone.ActiveCfg = Release|Any CPU
		{A796E029-3A4D-4BF0-9478-C91D0A1198FE}.Release|iPhone.Build.0 = Release|Any CPU
		{A796E029-3A4D-4BF0-9478-C91D0A1198FE}.Release|iPhone.Deploy.0 = Release|Any CPU
		{A796E029-3A4D-4BF0-9478-C91D0A1198FE}.Release|iPhoneSimulator.ActiveCfg = Release|Any CPU
		{A796E029-3A4D-4BF0-9478-C91D0A1198FE}.Release|iPhoneSimulator.Build.0 = Release|Any CPU
		{A796E029-3A4D-4BF0-9478-C91D0A1198FE}.Release|iPhoneSimulator.Deploy.0 = Release|Any CPU
		{A796E029-3A4D-4BF0-9478-C91D0A1198FE}.Release|x64.ActiveCfg = Release|Any CPU
		{A796E029-3A4D-4BF0-9478-C91D0A1198FE}.Release|x64.Build.0 = Release|Any CPU
		{A796E029-3A4D-4BF0-9478-C91D0A1198FE}.Release|x64.Deploy.0 = Release|Any CPU
		{A796E029-3A4D-4BF0-9478-C91D0A1198FE}.Release|x86.ActiveCfg = Release|Any CPU
		{A796E029-3A4D-4BF0-9478-C91D0A1198FE}.Release|x86.Build.0 = Release|Any CPU
		{A796E029-3A4D-4BF0-9478-C91D0A1198FE}.Release|x86.Deploy.0 = Release|Any CPU
	EndGlobalSection
	GlobalSection(SolutionProperties) = preSolution
		HideSolutionNode = FALSE
	EndGlobalSection
	GlobalSection(ExtensibilityGlobals) = postSolution
		SolutionGuid = {89CE4CA9-9601-4725-8112-69D831EBB4C4}
	EndGlobalSection
EndGlobal
